// !$*UTF8*$!
{
	archiveVersion = 1;
	classes = {
	};
	objectVersion = 46;
	objects = {

/* Begin PBXBuildFile section */
		18CF1E021E5CF3C300F62C32 /* AppDelegate.swift in Sources */ = {isa = PBXBuildFile; fileRef = 18CF1E011E5CF3C300F62C32 /* AppDelegate.swift */; };
		18CF1E041E5CF3C300F62C32 /* ViewController.swift in Sources */ = {isa = PBXBuildFile; fileRef = 18CF1E031E5CF3C300F62C32 /* ViewController.swift */; };
		18CF1E071E5CF3C300F62C32 /* Main.storyboard in Resources */ = {isa = PBXBuildFile; fileRef = 18CF1E051E5CF3C300F62C32 /* Main.storyboard */; };
		18CF1E091E5CF3C300F62C32 /* Assets.xcassets in Resources */ = {isa = PBXBuildFile; fileRef = 18CF1E081E5CF3C300F62C32 /* Assets.xcassets */; };
		18CF1E0C1E5CF3C300F62C32 /* LaunchScreen.storyboard in Resources */ = {isa = PBXBuildFile; fileRef = 18CF1E0A1E5CF3C300F62C32 /* LaunchScreen.storyboard */; };
		18CF1E141E5CF7BF00F62C32 /* LoginViewController.swift in Sources */ = {isa = PBXBuildFile; fileRef = 18CF1E131E5CF7BF00F62C32 /* LoginViewController.swift */; };
		1DD791D0FB0A30E74C9EAD36 /* Pods_Twitter.framework in Frameworks */ = {isa = PBXBuildFile; fileRef = C5E151B9CA67CE6F791BF5E0 /* Pods_Twitter.framework */; };
/* End PBXBuildFile section */

/* Begin PBXFileReference section */
		18CF1DFE1E5CF3C300F62C32 /* Twitter.app */ = {isa = PBXFileReference; explicitFileType = wrapper.application; includeInIndex = 0; path = Twitter.app; sourceTree = BUILT_PRODUCTS_DIR; };
		18CF1E011E5CF3C300F62C32 /* AppDelegate.swift */ = {isa = PBXFileReference; lastKnownFileType = sourcecode.swift; path = AppDelegate.swift; sourceTree = "<group>"; };
		18CF1E031E5CF3C300F62C32 /* ViewController.swift */ = {isa = PBXFileReference; lastKnownFileType = sourcecode.swift; path = ViewController.swift; sourceTree = "<group>"; };
		18CF1E061E5CF3C300F62C32 /* Base */ = {isa = PBXFileReference; lastKnownFileType = file.storyboard; name = Base; path = Base.lproj/Main.storyboard; sourceTree = "<group>"; };
		18CF1E081E5CF3C300F62C32 /* Assets.xcassets */ = {isa = PBXFileReference; lastKnownFileType = folder.assetcatalog; path = Assets.xcassets; sourceTree = "<group>"; };
		18CF1E0B1E5CF3C300F62C32 /* Base */ = {isa = PBXFileReference; lastKnownFileType = file.storyboard; name = Base; path = Base.lproj/LaunchScreen.storyboard; sourceTree = "<group>"; };
		18CF1E0D1E5CF3C300F62C32 /* Info.plist */ = {isa = PBXFileReference; lastKnownFileType = text.plist.xml; path = Info.plist; sourceTree = "<group>"; };
		18CF1E131E5CF7BF00F62C32 /* LoginViewController.swift */ = {isa = PBXFileReference; fileEncoding = 4; lastKnownFileType = sourcecode.swift; path = LoginViewController.swift; sourceTree = "<group>"; };
		B058F33EA3A5767CDAF88343 /* Pods-Twitter.debug.xcconfig */ = {isa = PBXFileReference; includeInIndex = 1; lastKnownFileType = text.xcconfig; name = "Pods-Twitter.debug.xcconfig"; path = "Pods/Target Support Files/Pods-Twitter/Pods-Twitter.debug.xcconfig"; sourceTree = "<group>"; };
		C5E151B9CA67CE6F791BF5E0 /* Pods_Twitter.framework */ = {isa = PBXFileReference; explicitFileType = wrapper.framework; includeInIndex = 0; path = Pods_Twitter.framework; sourceTree = BUILT_PRODUCTS_DIR; };
		EA1DF470FC6C9E72D014F328 /* Pods-Twitter.release.xcconfig */ = {isa = PBXFileReference; includeInIndex = 1; lastKnownFileType = text.xcconfig; name = "Pods-Twitter.release.xcconfig"; path = "Pods/Target Support Files/Pods-Twitter/Pods-Twitter.release.xcconfig"; sourceTree = "<group>"; };
/* End PBXFileReference section */

/* Begin PBXFrameworksBuildPhase section */
		18CF1DFB1E5CF3C300F62C32 /* Frameworks */ = {
			isa = PBXFrameworksBuildPhase;
			buildActionMask = 2147483647;
			files = (
				1DD791D0FB0A30E74C9EAD36 /* Pods_Twitter.framework in Frameworks */,
			);
			runOnlyForDeploymentPostprocessing = 0;
		};
/* End PBXFrameworksBuildPhase section */

/* Begin PBXGroup section */
		18CF1DF51E5CF3C300F62C32 = {
			isa = PBXGroup;
			children = (
				18CF1E001E5CF3C300F62C32 /* Twitter */,
				18CF1DFF1E5CF3C300F62C32 /* Products */,
				F1E10D6A8D4EAA9A7BDCB3D9 /* Pods */,
				604C08C9AC9AFB967E1F221B /* Frameworks */,
			);
			sourceTree = "<group>";
		};
		18CF1DFF1E5CF3C300F62C32 /* Products */ = {
			isa = PBXGroup;
			children = (
				18CF1DFE1E5CF3C300F62C32 /* Twitter.app */,
			);
			name = Products;
			sourceTree = "<group>";
		};
		18CF1E001E5CF3C300F62C32 /* Twitter */ = {
			isa = PBXGroup;
			children = (
				18CF1E011E5CF3C300F62C32 /* AppDelegate.swift */,
				18CF1E031E5CF3C300F62C32 /* ViewController.swift */,
				18CF1E051E5CF3C300F62C32 /* Main.storyboard */,
				18CF1E081E5CF3C300F62C32 /* Assets.xcassets */,
				18CF1E0A1E5CF3C300F62C32 /* LaunchScreen.storyboard */,
				18CF1E0D1E5CF3C300F62C32 /* Info.plist */,
				18CF1E131E5CF7BF00F62C32 /* LoginViewController.swift */,
			);
			path = Twitter;
			sourceTree = "<group>";
		};
		604C08C9AC9AFB967E1F221B /* Frameworks */ = {
			isa = PBXGroup;
			children = (
				C5E151B9CA67CE6F791BF5E0 /* Pods_Twitter.framework */,
			);
			name = Frameworks;
			sourceTree = "<group>";
		};
		F1E10D6A8D4EAA9A7BDCB3D9 /* Pods */ = {
			isa = PBXGroup;
			children = (
				B058F33EA3A5767CDAF88343 /* Pods-Twitter.debug.xcconfig */,
				EA1DF470FC6C9E72D014F328 /* Pods-Twitter.release.xcconfig */,
			);
			name = Pods;
			sourceTree = "<group>";
		};
/* End PBXGroup section */

/* Begin PBXNativeTarget section */
		18CF1DFD1E5CF3C300F62C32 /* Twitter */ = {
			isa = PBXNativeTarget;
			buildConfigurationList = 18CF1E101E5CF3C300F62C32 /* Build configuration list for PBXNativeTarget "Twitter" */;
			buildPhases = (
				4163B7101B05C08CB71646CE /* [CP] Check Pods Manifest.lock */,
				18CF1DFA1E5CF3C300F62C32 /* Sources */,
				18CF1DFB1E5CF3C300F62C32 /* Frameworks */,
				18CF1DFC1E5CF3C300F62C32 /* Resources */,
				F763ECF88BF0FFC362484C58 /* [CP] Embed Pods Frameworks */,
				DE4632B04D88C039D2824550 /* [CP] Copy Pods Resources */,
			);
			buildRules = (
			);
			dependencies = (
			);
			name = Twitter;
			productName = Twitter;
			productReference = 18CF1DFE1E5CF3C300F62C32 /* Twitter.app */;
			productType = "com.apple.product-type.application";
		};
/* End PBXNativeTarget section */

/* Begin PBXProject section */
		18CF1DF61E5CF3C300F62C32 /* Project object */ = {
			isa = PBXProject;
			attributes = {
				LastSwiftUpdateCheck = 0820;
				LastUpgradeCheck = 0820;
				ORGANIZATIONNAME = "Xinmeng Li";
				TargetAttributes = {
					18CF1DFD1E5CF3C300F62C32 = {
						CreatedOnToolsVersion = 8.2.1;
						ProvisioningStyle = Automatic;
					};
				};
			};
			buildConfigurationList = 18CF1DF91E5CF3C300F62C32 /* Build configuration list for PBXProject "Twitter" */;
			compatibilityVersion = "Xcode 3.2";
			developmentRegion = English;
			hasScannedForEncodings = 0;
			knownRegions = (
				en,
				Base,
			);
			mainGroup = 18CF1DF51E5CF3C300F62C32;
			productRefGroup = 18CF1DFF1E5CF3C300F62C32 /* Products */;
			projectDirPath = "";
			projectRoot = "";
			targets = (
				18CF1DFD1E5CF3C300F62C32 /* Twitter */,
			);
		};
/* End PBXProject section */

/* Begin PBXResourcesBuildPhase section */
		18CF1DFC1E5CF3C300F62C32 /* Resources */ = {
			isa = PBXResourcesBuildPhase;
			buildActionMask = 2147483647;
			files = (
				18CF1E0C1E5CF3C300F62C32 /* LaunchScreen.storyboard in Resources */,
				18CF1E091E5CF3C300F62C32 /* Assets.xcassets in Resources */,
				18CF1E071E5CF3C300F62C32 /* Main.storyboard in Resources */,
			);
			runOnlyForDeploymentPostprocessing = 0;
		};
/* End PBXResourcesBuildPhase section */

/* Begin PBXShellScriptBuildPhase section */
		4163B7101B05C08CB71646CE /* [CP] Check Pods Manifest.lock */ = {
			isa = PBXShellScriptBuildPhase;
			buildActionMask = 2147483647;
			files = (
			);
			inputPaths = (
			);
			name = "[CP] Check Pods Manifest.lock";
			outputPaths = (
			);
			runOnlyForDeploymentPostprocessing = 0;
			shellPath = /bin/sh;
			shellScript = "diff \"${PODS_ROOT}/../Podfile.lock\" \"${PODS_ROOT}/Manifest.lock\" > /dev/null\nif [ $? != 0 ] ; then\n    # print error to STDERR\n    echo \"error: The sandbox is not in sync with the Podfile.lock. Run 'pod install' or update your CocoaPods installation.\" >&2\n    exit 1\nfi\n";
			showEnvVarsInLog = 0;
		};
		DE4632B04D88C039D2824550 /* [CP] Copy Pods Resources */ = {
			isa = PBXShellScriptBuildPhase;
			buildActionMask = 2147483647;
			files = (
			);
			inputPaths = (
			);
			name = "[CP] Copy Pods Resources";
			outputPaths = (
			);
			runOnlyForDeploymentPostprocessing = 0;
			shellPath = /bin/sh;
			shellScript = "\"${SRCROOT}/Pods/Target Support Files/Pods-Twitter/Pods-Twitter-resources.sh\"\n";
			showEnvVarsInLog = 0;
		};
		F763ECF88BF0FFC362484C58 /* [CP] Embed Pods Frameworks */ = {
			isa = PBXShellScriptBuildPhase;
			buildActionMask = 2147483647;
			files = (
			);
			inputPaths = (
			);
			name = "[CP] Embed Pods Frameworks";
			outputPaths = (
			);
			runOnlyForDeploymentPostprocessing = 0;
			shellPath = /bin/sh;
			shellScript = "\"${SRCROOT}/Pods/Target Support Files/Pods-Twitter/Pods-Twitter-frameworks.sh\"\n";
			showEnvVarsInLog = 0;
		};
/* End PBXShellScriptBuildPhase section */

/* Begin PBXSourcesBuildPhase section */
		18CF1DFA1E5CF3C300F62C32 /* Sources */ = {
			isa = PBXSourcesBuildPhase;
			buildActionMask = 2147483647;
			files = (
				18CF1E141E5CF7BF00F62C32 /* LoginViewController.swift in Sources */,
				18CF1E041E5CF3C300F62C32 /* ViewController.swift in Sources */,
				18CF1E021E5CF3C300F62C32 /* AppDelegate.swift in Sources */,
			);
			runOnlyForDeploymentPostprocessing = 0;
		};
/* End PBXSourcesBuildPhase section */

/* Begin PBXVariantGroup section */
		18CF1E051E5CF3C300F62C32 /* Main.storyboard */ = {
			isa = PBXVariantGroup;
			children = (
				18CF1E061E5CF3C300F62C32 /* Base */,
			);
			name = Main.storyboard;
			sourceTree = "<group>";
		};
		18CF1E0A1E5CF3C300F62C32 /* LaunchScreen.storyboard */ = {
			isa = PBXVariantGroup;
			children = (
				18CF1E0B1E5CF3C300F62C32 /* Base */,
			);
			name = LaunchScreen.storyboard;
			sourceTree = "<group>";
		};
/* End PBXVariantGroup section */

/* Begin XCBuildConfiguration section */
		18CF1E0E1E5CF3C300F62C32 /* Debug */ = {
			isa = XCBuildConfiguration;
			buildSettings = {
				ALWAYS_SEARCH_USER_PATHS = NO;
				CLANG_ANALYZER_NONNULL = YES;
				CLANG_CXX_LANGUAGE_STANDARD = "gnu++0x";
				CLANG_CXX_LIBRARY = "libc++";
				CLANG_ENABLE_MODULES = YES;
				CLANG_ENABLE_OBJC_ARC = YES;
				CLANG_WARN_BOOL_CONVERSION = YES;
				CLANG_WARN_CONSTANT_CONVERSION = YES;
				CLANG_WARN_DIRECT_OBJC_ISA_USAGE = YES_ERROR;
				CLANG_WARN_DOCUMENTATION_COMMENTS = YES;
				CLANG_WARN_EMPTY_BODY = YES;
				CLANG_WARN_ENUM_CONVERSION = YES;
				CLANG_WARN_INFINITE_RECURSION = YES;
				CLANG_WARN_INT_CONVERSION = YES;
				CLANG_WARN_OBJC_ROOT_CLASS = YES_ERROR;
				CLANG_WARN_SUSPICIOUS_MOVE = YES;
				CLANG_WARN_UNREACHABLE_CODE = YES;
				CLANG_WARN__DUPLICATE_METHOD_MATCH = YES;
				"CODE_SIGN_IDENTITY[sdk=iphoneos*]" = "iPhone Developer";
				COPY_PHASE_STRIP = NO;
				DEBUG_INFORMATION_FORMAT = dwarf;
				ENABLE_STRICT_OBJC_MSGSEND = YES;
				ENABLE_TESTABILITY = YES;
				GCC_C_LANGUAGE_STANDARD = gnu99;
				GCC_DYNAMIC_NO_PIC = NO;
				GCC_NO_COMMON_BLOCKS = YES;
				GCC_OPTIMIZATION_LEVEL = 0;
				GCC_PREPROCESSOR_DEFINITIONS = (
					"DEBUG=1",
					"$(inherited)",
				);
				GCC_WARN_64_TO_32_BIT_CONVERSION = YES;
				GCC_WARN_ABOUT_RETURN_TYPE = YES_ERROR;
				GCC_WARN_UNDECLARED_SELECTOR = YES;
				GCC_WARN_UNINITIALIZED_AUTOS = YES_AGGRESSIVE;
				GCC_WARN_UNUSED_FUNCTION = YES;
				GCC_WARN_UNUSED_VARIABLE = YES;
				IPHONEOS_DEPLOYMENT_TARGET = 10.2;
				MTL_ENABLE_DEBUG_INFO = YES;
				ONLY_ACTIVE_ARCH = YES;
				SDKROOT = iphoneos;
				SWIFT_ACTIVE_COMPILATION_CONDITIONS = DEBUG;
				SWIFT_OPTIMIZATION_LEVEL = "-Onone";
				TARGETED_DEVICE_FAMILY = "1,2";
			};
			name = Debug;
		};
		18CF1E0F1E5CF3C300F62C32 /* Release */ = {
			isa = XCBuildConfiguration;
			buildSettings = {
				ALWAYS_SEARCH_USER_PATHS = NO;
				CLANG_ANALYZER_NONNULL = YES;
				CLANG_CXX_LANGUAGE_STANDARD = "gnu++0x";
				CLANG_CXX_LIBRARY = "libc++";
				CLANG_ENABLE_MODULES = YES;
				CLANG_ENABLE_OBJC_ARC = YES;
				CLANG_WARN_BOOL_CONVERSION = YES;
				CLANG_WARN_CONSTANT_CONVERSION = YES;
				CLANG_WARN_DIRECT_OBJC_ISA_USAGE = YES_ERROR;
				CLANG_WARN_DOCUMENTATION_COMMENTS = YES;
				CLANG_WARN_EMPTY_BODY = YES;
				CLANG_WARN_ENUM_CONVERSION = YES;
				CLANG_WARN_INFINITE_RECURSION = YES;
				CLANG_WARN_INT_CONVERSION = YES;
				CLANG_WARN_OBJC_ROOT_CLASS = YES_ERROR;
				CLANG_WARN_SUSPICIOUS_MOVE = YES;
				CLANG_WARN_UNREACHABLE_CODE = YES;
				CLANG_WARN__DUPLICATE_METHOD_MATCH = YES;
				"CODE_SIGN_IDENTITY[sdk=iphoneos*]" = "iPhone Developer";
				COPY_PHASE_STRIP = NO;
				DEBUG_INFORMATION_FORMAT = "dwarf-with-dsym";
				ENABLE_NS_ASSERTIONS = NO;
				ENABLE_STRICT_OBJC_MSGSEND = YES;
				GCC_C_LANGUAGE_STANDARD = gnu99;
				GCC_NO_COMMON_BLOCKS = YES;
				GCC_WARN_64_TO_32_BIT_CONVERSION = YES;
				GCC_WARN_ABOUT_RETURN_TYPE = YES_ERROR;
				GCC_WARN_UNDECLARED_SELECTOR = YES;
				GCC_WARN_UNINITIALIZED_AUTOS = YES_AGGRESSIVE;
				GCC_WARN_UNUSED_FUNCTION = YES;
				GCC_WARN_UNUSED_VARIABLE = YES;
				IPHONEOS_DEPLOYMENT_TARGET = 10.2;
				MTL_ENABLE_DEBUG_INFO = NO;
				SDKROOT = iphoneos;
				SWIFT_OPTIMIZATION_LEVEL = "-Owholemodule";
				TARGETED_DEVICE_FAMILY = "1,2";
				VALIDATE_PRODUCT = YES;
			};
			name = Release;
		};
		18CF1E111E5CF3C300F62C32 /* Debug */ = {
			isa = XCBuildConfiguration;
			baseConfigurationReference = B058F33EA3A5767CDAF88343 /* Pods-Twitter.debug.xcconfig */;
			buildSettings = {
				ASSETCATALOG_COMPILER_APPICON_NAME = AppIcon;
				INFOPLIST_FILE = Twitter/Info.plist;
				LD_RUNPATH_SEARCH_PATHS = "$(inherited) @executable_path/Frameworks";
				PRODUCT_BUNDLE_IDENTIFIER = codepath.com.Twitter;
				PRODUCT_NAME = "$(TARGET_NAME)";
				SWIFT_VERSION = 3.0;
			};
			name = Debug;
		};
		18CF1E121E5CF3C300F62C32 /* Release */ = {
			isa = XCBuildConfiguration;
			baseConfigurationReference = EA1DF470FC6C9E72D014F328 /* Pods-Twitter.release.xcconfig */;
			buildSettings = {
				ASSETCATALOG_COMPILER_APPICON_NAME = AppIcon;
				INFOPLIST_FILE = Twitter/Info.plist;
				LD_RUNPATH_SEARCH_PATHS = "$(inherited) @executable_path/Frameworks";
				PRODUCT_BUNDLE_IDENTIFIER = codepath.com.Twitter;
				PRODUCT_NAME = "$(TARGET_NAME)";
				SWIFT_VERSION = 3.0;
			};
			name = Release;
		};
/* End XCBuildConfiguration section */

/* Begin XCConfigurationList section */
		18CF1DF91E5CF3C300F62C32 /* Build configuration list for PBXProject "Twitter" */ = {
			isa = XCConfigurationList;
			buildConfigurations = (
				18CF1E0E1E5CF3C300F62C32 /* Debug */,
				18CF1E0F1E5CF3C300F62C32 /* Release */,
			);
			defaultConfigurationIsVisible = 0;
			defaultConfigurationName = Release;
		};
		18CF1E101E5CF3C300F62C32 /* Build configuration list for PBXNativeTarget "Twitter" */ = {
			isa = XCConfigurationList;
			buildConfigurations = (
				18CF1E111E5CF3C300F62C32 /* Debug */,
				18CF1E121E5CF3C300F62C32 /* Release */,
			);
			defaultConfigurationIsVisible = 0;
			defaultConfigurationName = Release;
		};
/* End XCConfigurationList section */
	};
	rootObject = 18CF1DF61E5CF3C300F62C32 /* Project object */;
}
